
Microsoft Visual Studio Solution File, Format Version 12.00
# Visual Studio Version 17
VisualStudioVersion = 17.9.34622.214
MinimumVisualStudioVersion = 10.0.40219.1
Project("{FAE04EC0-301F-11D3-BF4B-00C04F79EFBC}") = "testFormula", "testFormula.csproj", "{A8CFE6C0-0EF6-4830-85AB-ABBB69C1AE61}"
EndProject
Global
	GlobalSection(SolutionConfigurationPlatforms) = preSolution
		Debug|Any CPU = Debug|Any CPU
		Release|Any CPU = Release|Any CPU
	EndGlobalSection
	GlobalSection(ProjectConfigurationPlatforms) = postSolution
		{A8CFE6C0-0EF6-4830-85AB-ABBB69C1AE61}.Debug|Any CPU.ActiveCfg = Debug|Any CPU
		{A8CFE6C0-0EF6-4830-85AB-ABBB69C1AE61}.Debug|Any CPU.Build.0 = Debug|Any CPU
		{A8CFE6C0-0EF6-4830-85AB-ABBB69C1AE61}.Release|Any CPU.ActiveCfg = Release|Any CPU
		{A8CFE6C0-0EF6-4830-85AB-ABBB69C1AE61}.Release|Any CPU.Build.0 = Release|Any CPU
	EndGlobalSection
	GlobalSection(SolutionProperties) = preSolution
		HideSolutionNode = FALSE
	EndGlobalSection
	GlobalSection(ExtensibilityGlobals) = postSolution
		SolutionGuid = {36E95B0B-6225-4AE1-B14B-CDA8EA9C76AB}
	EndGlobalSection
EndGlobal
